
Microsoft Visual Studio Solution File, Format Version 10.00
# Visual Studio 2008
Project("{FAE04EC0-301F-11D3-BF4B-00C04F79EFBC}") = "SusBL", "susBL\SusBL.csproj", "{450B70F7-6D4B-4569-B6C0-611ACA1FCF4E}"
EndProject
Project("{E24C65DC-7377-472B-9ABA-BC803B73C61A}") = "SusWeb", "SusWeb\", "{3912EAA2-CD11-4CF2-8526-02C40E5FCE07}"
	ProjectSection(WebsiteProperties) = preProject
		TargetFramework = "3.5"
		ProjectReferences = "{450B70F7-6D4B-4569-B6C0-611ACA1FCF4E}|susBL.dll;{C46704D3-D528-4707-8544-0963CF600F68}|PilotDL.dll;"
		Debug.AspNetCompiler.VirtualPath = "/SusWeb"
		Debug.AspNetCompiler.PhysicalPath = "SusWeb\"
		Debug.AspNetCompiler.TargetPath = "PrecompiledWeb\SusWeb\"
		Debug.AspNetCompiler.Updateable = "true"
		Debug.AspNetCompiler.ForceOverwrite = "true"
		Debug.AspNetCompiler.FixedNames = "false"
		Debug.AspNetCompiler.Debug = "True"
		Release.AspNetCompiler.VirtualPath = "/SusWeb"
		Release.AspNetCompiler.PhysicalPath = "SusWeb\"
		Release.AspNetCompiler.TargetPath = "PrecompiledWeb\SusWeb\"
		Release.AspNetCompiler.Updateable = "true"
		Release.AspNetCompiler.ForceOverwrite = "true"
		Release.AspNetCompiler.FixedNames = "false"
		Release.AspNetCompiler.Debug = "False"
		VWDPort = "19653"
	EndProjectSection
EndProject
Project("{FAE04EC0-301F-11D3-BF4B-00C04F79EFBC}") = "SusDL", "SusDL\SusDL.csproj", "{C46704D3-D528-4707-8544-0963CF600F68}"
EndProject
Global
	GlobalSection(SolutionConfigurationPlatforms) = preSolution
		Debug|.NET = Debug|.NET
		Debug|Any CPU = Debug|Any CPU
		Debug|Mixed Platforms = Debug|Mixed Platforms
		Release|.NET = Release|.NET
		Release|Any CPU = Release|Any CPU
		Release|Mixed Platforms = Release|Mixed Platforms
	EndGlobalSection
	GlobalSection(ProjectConfigurationPlatforms) = postSolution
		{450B70F7-6D4B-4569-B6C0-611ACA1FCF4E}.Debug|.NET.ActiveCfg = Debug|Any CPU
		{450B70F7-6D4B-4569-B6C0-611ACA1FCF4E}.Debug|Any CPU.ActiveCfg = Debug|Any CPU
		{450B70F7-6D4B-4569-B6C0-611ACA1FCF4E}.Debug|Any CPU.Build.0 = Debug|Any CPU
		{450B70F7-6D4B-4569-B6C0-611ACA1FCF4E}.Debug|Mixed Platforms.ActiveCfg = Debug|Any CPU
		{450B70F7-6D4B-4569-B6C0-611ACA1FCF4E}.Debug|Mixed Platforms.Build.0 = Debug|Any CPU
		{450B70F7-6D4B-4569-B6C0-611ACA1FCF4E}.Release|.NET.ActiveCfg = Release|Any CPU
		{450B70F7-6D4B-4569-B6C0-611ACA1FCF4E}.Release|Any CPU.ActiveCfg = Release|Any CPU
		{450B70F7-6D4B-4569-B6C0-611ACA1FCF4E}.Release|Any CPU.Build.0 = Release|Any CPU
		{450B70F7-6D4B-4569-B6C0-611ACA1FCF4E}.Release|Mixed Platforms.ActiveCfg = Release|Any CPU
		{450B70F7-6D4B-4569-B6C0-611ACA1FCF4E}.Release|Mixed Platforms.Build.0 = Release|Any CPU
		{3912EAA2-CD11-4CF2-8526-02C40E5FCE07}.Debug|.NET.ActiveCfg = Debug|.NET
		{3912EAA2-CD11-4CF2-8526-02C40E5FCE07}.Debug|.NET.Build.0 = Debug|.NET
		{3912EAA2-CD11-4CF2-8526-02C40E5FCE07}.Debug|Any CPU.ActiveCfg = Debug|.NET
		{3912EAA2-CD11-4CF2-8526-02C40E5FCE07}.Debug|Mixed Platforms.ActiveCfg = Debug|.NET
		{3912EAA2-CD11-4CF2-8526-02C40E5FCE07}.Debug|Mixed Platforms.Build.0 = Debug|.NET
		{3912EAA2-CD11-4CF2-8526-02C40E5FCE07}.Release|.NET.ActiveCfg = Debug|.NET
		{3912EAA2-CD11-4CF2-8526-02C40E5FCE07}.Release|.NET.Build.0 = Debug|.NET
		{3912EAA2-CD11-4CF2-8526-02C40E5FCE07}.Release|Any CPU.ActiveCfg = Debug|.NET
		{3912EAA2-CD11-4CF2-8526-02C40E5FCE07}.Release|Mixed Platforms.ActiveCfg = Debug|.NET
		{3912EAA2-CD11-4CF2-8526-02C40E5FCE07}.Release|Mixed Platforms.Build.0 = Debug|.NET
		{C46704D3-D528-4707-8544-0963CF600F68}.Debug|.NET.ActiveCfg = Debug|Any CPU
		{C46704D3-D528-4707-8544-0963CF600F68}.Debug|Any CPU.ActiveCfg = Debug|Any CPU
		{C46704D3-D528-4707-8544-0963CF600F68}.Debug|Any CPU.Build.0 = Debug|Any CPU
		{C46704D3-D528-4707-8544-0963CF600F68}.Debug|Mixed Platforms.ActiveCfg = Debug|Any CPU
		{C46704D3-D528-4707-8544-0963CF600F68}.Debug|Mixed Platforms.Build.0 = Debug|Any CPU
		{C46704D3-D528-4707-8544-0963CF600F68}.Release|.NET.ActiveCfg = Release|Any CPU
		{C46704D3-D528-4707-8544-0963CF600F68}.Release|Any CPU.ActiveCfg = Release|Any CPU
		{C46704D3-D528-4707-8544-0963CF600F68}.Release|Any CPU.Build.0 = Release|Any CPU
		{C46704D3-D528-4707-8544-0963CF600F68}.Release|Mixed Platforms.ActiveCfg = Release|Any CPU
		{C46704D3-D528-4707-8544-0963CF600F68}.Release|Mixed Platforms.Build.0 = Release|Any CPU
	EndGlobalSection
	GlobalSection(SolutionProperties) = preSolution
		HideSolutionNode = FALSE
	EndGlobalSection
EndGlobal
